
Microsoft Visual Studio Solution File, Format Version 12.00
# Visual Studio Version 16
VisualStudioVersion = 16.0.31515.178
MinimumVisualStudioVersion = 10.0.40219.1
Project("{FAE04EC0-301F-11D3-BF4B-00C04F79EFBC}") = "SmartHeater", "SmartHeater.csproj", "{B065657D-FE2D-45CF-96F4-4BB3C766E569}"
EndProject
Global
	GlobalSection(SolutionConfigurationPlatforms) = preSolution
		Debug|Any CPU = Debug|Any CPU
		Release|Any CPU = Release|Any CPU
	EndGlobalSection
	GlobalSection(ProjectConfigurationPlatforms) = postSolution
		{B065657D-FE2D-45CF-96F4-4BB3C766E569}.Debug|Any CPU.ActiveCfg = Debug|Any CPU
		{B065657D-FE2D-45CF-96F4-4BB3C766E569}.Debug|Any CPU.Build.0 = Debug|Any CPU
		{B065657D-FE2D-45CF-96F4-4BB3C766E569}.Release|Any CPU.ActiveCfg = Release|Any CPU
		{B065657D-FE2D-45CF-96F4-4BB3C766E569}.Release|Any CPU.Build.0 = Release|Any CPU
	EndGlobalSection
	GlobalSection(SolutionProperties) = preSolution
		HideSolutionNode = FALSE
	EndGlobalSection
	GlobalSection(ExtensibilityGlobals) = postSolution
		SolutionGuid = {02DB530B-4A30-4744-9179-9FA6A7376B08}
	EndGlobalSection
EndGlobal
